<?xml version="1.0" encoding="utf-8"?>
<Project ToolsVersion="4.0" xmlns="http://schemas.microsoft.com/developer/msbuild/2003">
  <ItemGroup>
    <Filter Include="Source Files">
      <UniqueIdentifier>{4FC737F1-C7A5-4376-A066-2A32D752A2FF}</UniqueIdentifier>
      <Extensions>cpp;c;cc;cxx;def;odl;idl;hpj;bat;asm;asmx</Extensions>
    </Filter>
    <Filter Include="Header Files">
      <UniqueIdentifier>{93995380-89BD-4b04-88EB-625FBE52EBFB}</UniqueIdentifier>
      <Extensions>h;hh;hpp;hxx;hm;inl;inc;ipp;xsd</Extensions>
    </Filter>
    <Filter Include="Resource Files">
      <UniqueIdentifier>{67DA6AB6-F800-4c08-8B7A-83BB121AAD01}</UniqueIdentifier>
      <Extensions>rc;ico;cur;bmp;dlg;rc2;rct;bin;rgs;gif;jpg;jpeg;jpe;resx;tiff;tif;png;wav;mfcribbon-ms</Extensions>
    </Filter>
  </ItemGroup>
  <ItemGroup>
    <ClInclude Include="AAM.HPP">
      <Filter>Header Files</Filter>
    </ClInclude>
    <ClInclude Include="ALM.HPP">
      <Filter>Header Files</Filter>
    </ClInclude>
    <ClInclude Include="APB.HPP">
      <Filter>Header Files</Filter>
    </ClInclude>
    <ClInclude Include="ASD.HPP">
      <Filter>Header Files</Filter>
    </ClInclude>
    <ClInclude Include="BEC.HPP">
      <Filter>Header Files</Filter>
    </ClInclude>
    <ClInclude Include="BOD.HPP">
      <Filter>Header Files</Filter>
    </ClInclude>
    <ClInclude Include="BWC.HPP">
      <Filter>Header Files</Filter>
    </ClInclude>
    <ClInclude Include="BWR.HPP">
      <Filter>Header Files</Filter>
    </ClInclude>
    <ClInclude Include="BWW.HPP">
      <Filter>Header Files</Filter>
    </ClInclude>
    <ClInclude Include="DBT.HPP">
      <Filter>Header Files</Filter>
    </ClInclude>
    <ClInclude Include="DCN.HPP">
      <Filter>Header Files</Filter>
    </ClInclude>
    <ClInclude Include="DECCALOP.HPP">
      <Filter>Header Files</Filter>
    </ClInclude>
    <ClInclude Include="DPT.HPP">
      <Filter>Header Files</Filter>
    </ClInclude>
    <ClInclude Include="FREQMODE.HPP">
      <Filter>Header Files</Filter>
    </ClInclude>
    <ClInclude Include="FSI.HPP">
      <Filter>Header Files</Filter>
    </ClInclude>
    <ClInclude Include="GDA.HPP">
      <Filter>Header Files</Filter>
    </ClInclude>
    <ClInclude Include="GDF.HPP">
      <Filter>Header Files</Filter>
    </ClInclude>
    <ClInclude Include="GDP.HPP">
      <Filter>Header Files</Filter>
    </ClInclude>
    <ClInclude Include="GGA.HPP">
      <Filter>Header Files</Filter>
    </ClInclude>
    <ClInclude Include="GLA.HPP">
      <Filter>Header Files</Filter>
    </ClInclude>
    <ClInclude Include="GLC.HPP">
      <Filter>Header Files</Filter>
    </ClInclude>
    <ClInclude Include="GLF.HPP">
      <Filter>Header Files</Filter>
    </ClInclude>
    <ClInclude Include="GLL.HPP">
      <Filter>Header Files</Filter>
    </ClInclude>
    <ClInclude Include="GLP.HPP">
      <Filter>Header Files</Filter>
    </ClInclude>
    <ClInclude Include="GOA.HPP">
      <Filter>Header Files</Filter>
    </ClInclude>
    <ClInclude Include="GOF.HPP">
      <Filter>Header Files</Filter>
    </ClInclude>
    <ClInclude Include="GOP.HPP">
      <Filter>Header Files</Filter>
    </ClInclude>
    <ClInclude Include="GSA.HPP">
      <Filter>Header Files</Filter>
    </ClInclude>
    <ClInclude Include="GSV.HPP">
      <Filter>Header Files</Filter>
    </ClInclude>
    <ClInclude Include="GTD.HPP">
      <Filter>Header Files</Filter>
    </ClInclude>
    <ClInclude Include="GXA.HPP">
      <Filter>Header Files</Filter>
    </ClInclude>
    <ClInclude Include="GXF.HPP">
      <Filter>Header Files</Filter>
    </ClInclude>
    <ClInclude Include="GXP.HPP">
      <Filter>Header Files</Filter>
    </ClInclude>
    <ClInclude Include="HCC.hpp">
      <Filter>Header Files</Filter>
    </ClInclude>
    <ClInclude Include="HDG.HPP">
      <Filter>Header Files</Filter>
    </ClInclude>
    <ClInclude Include="HDM.hpp">
      <Filter>Header Files</Filter>
    </ClInclude>
    <ClInclude Include="HDT.HPP">
      <Filter>Header Files</Filter>
    </ClInclude>
    <ClInclude Include="HSC.HPP">
      <Filter>Header Files</Filter>
    </ClInclude>
    <ClInclude Include="IMA.hpp">
      <Filter>Header Files</Filter>
    </ClInclude>
    <ClInclude Include="LATLONG.HPP">
      <Filter>Header Files</Filter>
    </ClInclude>
    <ClInclude Include="LCD.HPP">
      <Filter>Header Files</Filter>
    </ClInclude>
    <ClInclude Include="LORANTD.HPP">
      <Filter>Header Files</Filter>
    </ClInclude>
    <ClInclude Include="MANUFACT.HPP">
      <Filter>Header Files</Filter>
    </ClInclude>
    <ClInclude Include="MHU.hpp">
      <Filter>Header Files</Filter>
    </ClInclude>
    <ClInclude Include="MLIST.HPP">
      <Filter>Header Files</Filter>
    </ClInclude>
    <ClInclude Include="MTA.HPP">
      <Filter>Header Files</Filter>
    </ClInclude>
    <ClInclude Include="MTW.HPP">
      <Filter>Header Files</Filter>
    </ClInclude>
    <ClInclude Include="MWV.HPP">
      <Filter>Header Files</Filter>
    </ClInclude>
    <ClInclude Include="NMEA0183.H">
      <Filter>Header Files</Filter>
    </ClInclude>
    <ClInclude Include="NMEA0183.HPP">
      <Filter>Header Files</Filter>
    </ClInclude>
    <ClInclude Include="OLN.HPP">
      <Filter>Header Files</Filter>
    </ClInclude>
    <ClInclude Include="OMEGAPAR.HPP">
      <Filter>Header Files</Filter>
    </ClInclude>
    <ClInclude Include="OSD.HPP">
      <Filter>Header Files</Filter>
    </ClInclude>
    <ClInclude Include="P.HPP">
      <Filter>Header Files</Filter>
    </ClInclude>
    <ClInclude Include="RADARDAT.HPP">
      <Filter>Header Files</Filter>
    </ClInclude>
    <ClInclude Include="RATIOPLS.HPP">
      <Filter>Header Files</Filter>
    </ClInclude>
    <ClInclude Include="RESPONSE.HPP">
      <Filter>Header Files</Filter>
    </ClInclude>
    <ClInclude Include="RMA.HPP">
      <Filter>Header Files</Filter>
    </ClInclude>
    <ClInclude Include="RMB.HPP">
      <Filter>Header Files</Filter>
    </ClInclude>
    <ClInclude Include="RMC.HPP">
      <Filter>Header Files</Filter>
    </ClInclude>
    <ClInclude Include="ROT.HPP">
      <Filter>Header Files</Filter>
    </ClInclude>
    <ClInclude Include="RPM.HPP">
      <Filter>Header Files</Filter>
    </ClInclude>
    <ClInclude Include="RSA.HPP">
      <Filter>Header Files</Filter>
    </ClInclude>
    <ClInclude Include="RSD.HPP">
      <Filter>Header Files</Filter>
    </ClInclude>
    <ClInclude Include="RTE.HPP">
      <Filter>Header Files</Filter>
    </ClInclude>
    <ClInclude Include="SATDAT.HPP">
      <Filter>Header Files</Filter>
    </ClInclude>
    <ClInclude Include="SENTENCE.HPP">
      <Filter>Header Files</Filter>
    </ClInclude>
    <ClInclude Include="SFI.HPP">
      <Filter>Header Files</Filter>
    </ClInclude>
    <ClInclude Include="STN.HPP">
      <Filter>Header Files</Filter>
    </ClInclude>
    <ClInclude Include="TEP.HPP">
      <Filter>Header Files</Filter>
    </ClInclude>
    <ClInclude Include="TRF.HPP">
      <Filter>Header Files</Filter>
    </ClInclude>
    <ClInclude Include="TTM.HPP">
      <Filter>Header Files</Filter>
    </ClInclude>
    <ClInclude Include="VBW.HPP">
      <Filter>Header Files</Filter>
    </ClInclude>
    <ClInclude Include="VDR.HPP">
      <Filter>Header Files</Filter>
    </ClInclude>
    <ClInclude Include="VHW.HPP">
      <Filter>Header Files</Filter>
    </ClInclude>
    <ClInclude Include="VLW.HPP">
      <Filter>Header Files</Filter>
    </ClInclude>
    <ClInclude Include="VPW.HPP">
      <Filter>Header Files</Filter>
    </ClInclude>
    <ClInclude Include="VTG.HPP">
      <Filter>Header Files</Filter>
    </ClInclude>
    <ClInclude Include="VWE.HPP">
      <Filter>Header Files</Filter>
    </ClInclude>
    <ClInclude Include="WAYPTLOC.HPP">
      <Filter>Header Files</Filter>
    </ClInclude>
    <ClInclude Include="WCV.HPP">
      <Filter>Header Files</Filter>
    </ClInclude>
    <ClInclude Include="WDC.HPP">
      <Filter>Header Files</Filter>
    </ClInclude>
    <ClInclude Include="WDR.HPP">
      <Filter>Header Files</Filter>
    </ClInclude>
    <ClInclude Include="WNC.HPP">
      <Filter>Header Files</Filter>
    </ClInclude>
    <ClInclude Include="WPL.HPP">
      <Filter>Header Files</Filter>
    </ClInclude>
    <ClInclude Include="XDR.HPP">
      <Filter>Header Files</Filter>
    </ClInclude>
    <ClInclude Include="XTE.HPP">
      <Filter>Header Files</Filter>
    </ClInclude>
    <ClInclude Include="XTR.HPP">
      <Filter>Header Files</Filter>
    </ClInclude>
    <ClInclude Include="ZDA.HPP">
      <Filter>Header Files</Filter>
    </ClInclude>
    <ClInclude Include="ZFI.HPP">
      <Filter>Header Files</Filter>
    </ClInclude>
    <ClInclude Include="ZFO.HPP">
      <Filter>Header Files</Filter>
    </ClInclude>
    <ClInclude Include="ZLZ.HPP">
      <Filter>Header Files</Filter>
    </ClInclude>
    <ClInclude Include="ZPI.HPP">
      <Filter>Header Files</Filter>
    </ClInclude>
    <ClInclude Include="ZTA.HPP">
      <Filter>Header Files</Filter>
    </ClInclude>
    <ClInclude Include="ZTE.HPP">
      <Filter>Header Files</Filter>
    </ClInclude>
    <ClInclude Include="ZTG.HPP">
      <Filter>Header Files</Filter>
    </ClInclude>
    <ClInclude Include="ZTI.HPP">
      <Filter>Header Files</Filter>
    </ClInclude>
    <ClInclude Include="ZWP.HPP">
      <Filter>Header Files</Filter>
    </ClInclude>
    <ClInclude Include="ZZU.HPP">
      <Filter>Header Files</Filter>
    </ClInclude>
  </ItemGroup>
  <ItemGroup>
    <ClCompile Include="AAM.CPP">
      <Filter>Source Files</Filter>
    </ClCompile>
    <ClCompile Include="ALM.CPP">
      <Filter>Source Files</Filter>
    </ClCompile>
    <ClCompile Include="APB.CPP">
      <Filter>Source Files</Filter>
    </ClCompile>
    <ClCompile Include="ASD.CPP">
      <Filter>Source Files</Filter>
    </ClCompile>
    <ClCompile Include="BEC.CPP">
      <Filter>Source Files</Filter>
    </ClCompile>
    <ClCompile Include="BOD.CPP">
      <Filter>Source Files</Filter>
    </ClCompile>
    <ClCompile Include="BWC.CPP">
      <Filter>Source Files</Filter>
    </ClCompile>
    <ClCompile Include="BWR.CPP">
      <Filter>Source Files</Filter>
    </ClCompile>
    <ClCompile Include="BWW.CPP">
      <Filter>Source Files</Filter>
    </ClCompile>
    <ClCompile Include="DBT.CPP">
      <Filter>Source Files</Filter>
    </ClCompile>
    <ClCompile Include="DCN.CPP">
      <Filter>Source Files</Filter>
    </ClCompile>
    <ClCompile Include="DECCALOP.CPP">
      <Filter>Source Files</Filter>
    </ClCompile>
    <ClCompile Include="DPT.CPP">
      <Filter>Source Files</Filter>
    </ClCompile>
    <ClCompile Include="EXPID.CPP">
      <Filter>Source Files</Filter>
    </ClCompile>
    <ClCompile Include="FREQMODE.CPP">
      <Filter>Source Files</Filter>
    </ClCompile>
    <ClCompile Include="FSI.CPP">
      <Filter>Source Files</Filter>
    </ClCompile>
    <ClCompile Include="GGA.CPP">
      <Filter>Source Files</Filter>
    </ClCompile>
    <ClCompile Include="GLC.CPP">
      <Filter>Source Files</Filter>
    </ClCompile>
    <ClCompile Include="GLL.CPP">
      <Filter>Source Files</Filter>
    </ClCompile>
    <ClCompile Include="GSA.CPP">
      <Filter>Source Files</Filter>
    </ClCompile>
    <ClCompile Include="GSV.CPP">
      <Filter>Source Files</Filter>
    </ClCompile>
    <ClCompile Include="GTD.CPP">
      <Filter>Source Files</Filter>
    </ClCompile>
    <ClCompile Include="GXA.CPP">
      <Filter>Source Files</Filter>
    </ClCompile>
    <ClCompile Include="HCC.CPP">
      <Filter>Source Files</Filter>
    </ClCompile>
    <ClCompile Include="HDG.CPP">
      <Filter>Source Files</Filter>
    </ClCompile>
    <ClCompile Include="HDM.CPP">
      <Filter>Source Files</Filter>
    </ClCompile>
    <ClCompile Include="HDT.CPP">
      <Filter>Source Files</Filter>
    </ClCompile>
    <ClCompile Include="HEX.CPP">
      <Filter>Source Files</Filter>
    </ClCompile>
    <ClCompile Include="HSC.CPP">
      <Filter>Source Files</Filter>
    </ClCompile>
    <ClCompile Include="IMA.cpp">
      <Filter>Source Files</Filter>
    </ClCompile>
    <ClCompile Include="LAT.CPP">
      <Filter>Source Files</Filter>
    </ClCompile>
    <ClCompile Include="LATLONG.CPP">
      <Filter>Source Files</Filter>
    </ClCompile>
    <ClCompile Include="LCD.CPP">
      <Filter>Source Files</Filter>
    </ClCompile>
    <ClCompile Include="LONG.CPP">
      <Filter>Source Files</Filter>
    </ClCompile>
    <ClCompile Include="LORANTD.CPP">
      <Filter>Source Files</Filter>
    </ClCompile>
    <ClCompile Include="MANUFACT.CPP">
      <Filter>Source Files</Filter>
    </ClCompile>
    <ClCompile Include="MHU.cpp">
      <Filter>Source Files</Filter>
    </ClCompile>
    <ClCompile Include="MLIST.CPP">
      <Filter>Source Files</Filter>
    </ClCompile>
    <ClCompile Include="MTA.CPP">
      <Filter>Source Files</Filter>
    </ClCompile>
    <ClCompile Include="MTW.CPP">
      <Filter>Source Files</Filter>
    </ClCompile>
    <ClCompile Include="MWV.CPP">
      <Filter>Source Files</Filter>
    </ClCompile>
    <ClCompile Include="NMEA0183.CPP">
      <Filter>Source Files</Filter>
    </ClCompile>
    <ClCompile Include="OLN.CPP">
      <Filter>Source Files</Filter>
    </ClCompile>
    <ClCompile Include="OMEGAPAR.CPP">
      <Filter>Source Files</Filter>
    </ClCompile>
    <ClCompile Include="OSD.CPP">
      <Filter>Source Files</Filter>
    </ClCompile>
    <ClCompile Include="P.CPP">
      <Filter>Source Files</Filter>
    </ClCompile>
    <ClCompile Include="RADARDAT.CPP">
      <Filter>Source Files</Filter>
    </ClCompile>
    <ClCompile Include="RATIOPLS.CPP">
      <Filter>Source Files</Filter>
    </ClCompile>
    <ClCompile Include="RESPONSE.CPP">
      <Filter>Source Files</Filter>
    </ClCompile>
    <ClCompile Include="RMA.CPP">
      <Filter>Source Files</Filter>
    </ClCompile>
    <ClCompile Include="RMB.CPP">
      <Filter>Source Files</Filter>
    </ClCompile>
    <ClCompile Include="RMC.CPP">
      <Filter>Source Files</Filter>
    </ClCompile>
    <ClCompile Include="ROT.CPP">
      <Filter>Source Files</Filter>
    </ClCompile>
    <ClCompile Include="RPM.CPP">
      <Filter>Source Files</Filter>
    </ClCompile>
    <ClCompile Include="RSA.CPP">
      <Filter>Source Files</Filter>
    </ClCompile>
    <ClCompile Include="RSD.CPP">
      <Filter>Source Files</Filter>
    </ClCompile>
    <ClCompile Include="RTE.CPP">
      <Filter>Source Files</Filter>
    </ClCompile>
    <ClCompile Include="SATDAT.CPP">
      <Filter>Source Files</Filter>
    </ClCompile>
    <ClCompile Include="SENTENCE.CPP">
      <Filter>Source Files</Filter>
    </ClCompile>
    <ClCompile Include="SFI.CPP">
      <Filter>Source Files</Filter>
    </ClCompile>
    <ClCompile Include="STN.CPP">
      <Filter>Source Files</Filter>
    </ClCompile>
    <ClCompile Include="TALKERID.CPP">
      <Filter>Source Files</Filter>
    </ClCompile>
    <ClCompile Include="TEP.CPP">
      <Filter>Source Files</Filter>
    </ClCompile>
    <ClCompile Include="TRF.CPP">
      <Filter>Source Files</Filter>
    </ClCompile>
    <ClCompile Include="TTM.CPP">
      <Filter>Source Files</Filter>
    </ClCompile>
    <ClCompile Include="VBW.CPP">
      <Filter>Source Files</Filter>
    </ClCompile>
    <ClCompile Include="VDR.CPP">
      <Filter>Source Files</Filter>
    </ClCompile>
    <ClCompile Include="VHW.CPP">
      <Filter>Source Files</Filter>
    </ClCompile>
    <ClCompile Include="VLW.CPP">
      <Filter>Source Files</Filter>
    </ClCompile>
    <ClCompile Include="VPW.CPP">
      <Filter>Source Files</Filter>
    </ClCompile>
    <ClCompile Include="VTG.CPP">
      <Filter>Source Files</Filter>
    </ClCompile>
    <ClCompile Include="VWE.CPP">
      <Filter>Source Files</Filter>
    </ClCompile>
    <ClCompile Include="WAYPTLOC.CPP">
      <Filter>Source Files</Filter>
    </ClCompile>
    <ClCompile Include="WCV.CPP">
      <Filter>Source Files</Filter>
    </ClCompile>
    <ClCompile Include="WDC.CPP">
      <Filter>Source Files</Filter>
    </ClCompile>
    <ClCompile Include="WDR.CPP">
      <Filter>Source Files</Filter>
    </ClCompile>
    <ClCompile Include="WNC.CPP">
      <Filter>Source Files</Filter>
    </ClCompile>
    <ClCompile Include="WPL.CPP">
      <Filter>Source Files</Filter>
    </ClCompile>
    <ClCompile Include="XDR.CPP">
      <Filter>Source Files</Filter>
    </ClCompile>
    <ClCompile Include="XTE.CPP">
      <Filter>Source Files</Filter>
    </ClCompile>
    <ClCompile Include="XTR.CPP">
      <Filter>Source Files</Filter>
    </ClCompile>
    <ClCompile Include="ZDA.CPP">
      <Filter>Source Files</Filter>
    </ClCompile>
    <ClCompile Include="ZFI.CPP">
      <Filter>Source Files</Filter>
    </ClCompile>
    <ClCompile Include="ZFO.CPP">
      <Filter>Source Files</Filter>
    </ClCompile>
    <ClCompile Include="ZLZ.CPP">
      <Filter>Source Files</Filter>
    </ClCompile>
    <ClCompile Include="ZPI.CPP">
      <Filter>Source Files</Filter>
    </ClCompile>
    <ClCompile Include="ZTA.CPP">
      <Filter>Source Files</Filter>
    </ClCompile>
    <ClCompile Include="ZTE.CPP">
      <Filter>Source Files</Filter>
    </ClCompile>
    <ClCompile Include="ZTG.CPP">
      <Filter>Source Files</Filter>
    </ClCompile>
    <ClCompile Include="ZTI.CPP">
      <Filter>Source Files</Filter>
    </ClCompile>
    <ClCompile Include="ZWP.CPP">
      <Filter>Source Files</Filter>
    </ClCompile>
    <ClCompile Include="ZZU.CPP">
      <Filter>Source Files</Filter>
    </ClCompile>
  </ItemGroup>
</Project>